
Microsoft Visual Studio Solution File, Format Version 12.00
# Visual Studio 2012
Project("{FAE04EC0-301F-11D3-BF4B-00C04F79EFBC}") = "FrbUiEditor.Gui", "FrbUiEditor.Gui\FrbUiEditor.Gui.csproj", "{D0DBB89B-50E8-444D-91AF-F9BCF75F1992}"
EndProject
Project("{FAE04EC0-301F-11D3-BF4B-00C04F79EFBC}") = "Xom.Core", "Xom\Xom.Core\Xom.Core.csproj", "{B334963F-071A-44B4-B05B-91D0ADA5F2FE}"
EndProject
Project("{FAE04EC0-301F-11D3-BF4B-00C04F79EFBC}") = "Xom.Tests", "Xom\Xom.Tests\Xom.Tests.csproj", "{3526175B-0E7E-478B-8CD2-43DD75C9C30E}"
EndProject
Project("{FAE04EC0-301F-11D3-BF4B-00C04F79EFBC}") = "FrbUi", "FrbUi\FrbUi.csproj", "{7235175C-356E-4756-9D68-5889ABC79A24}"
EndProject
Project("{FAE04EC0-301F-11D3-BF4B-00C04F79EFBC}") = "FrbUiEditor.Core", "FrbUiEditor.Core\FrbUiEditor.Core.csproj", "{4C5DC705-3CAC-4B99-915E-5C2B9D157F48}"
EndProject
Project("{2150E333-8FDC-42A3-9474-1A3956D46DE8}") = ".nuget", ".nuget", "{47C875F4-DD16-49D0-932E-B924FA21E48E}"
	ProjectSection(SolutionItems) = preProject
		.nuget\NuGet.Config = .nuget\NuGet.Config
		.nuget\NuGet.exe = .nuget\NuGet.exe
		.nuget\NuGet.targets = .nuget\NuGet.targets
	EndProjectSection
EndProject
Global
	GlobalSection(SolutionConfigurationPlatforms) = preSolution
		Debug|Any CPU = Debug|Any CPU
		Debug|x86 = Debug|x86
		Release|Any CPU = Release|Any CPU
		Release|x86 = Release|x86
	EndGlobalSection
	GlobalSection(ProjectConfigurationPlatforms) = postSolution
		{D0DBB89B-50E8-444D-91AF-F9BCF75F1992}.Debug|Any CPU.ActiveCfg = Debug|Any CPU
		{D0DBB89B-50E8-444D-91AF-F9BCF75F1992}.Debug|Any CPU.Build.0 = Debug|Any CPU
		{D0DBB89B-50E8-444D-91AF-F9BCF75F1992}.Debug|x86.ActiveCfg = Debug|Any CPU
		{D0DBB89B-50E8-444D-91AF-F9BCF75F1992}.Release|Any CPU.ActiveCfg = Release|Any CPU
		{D0DBB89B-50E8-444D-91AF-F9BCF75F1992}.Release|Any CPU.Build.0 = Release|Any CPU
		{D0DBB89B-50E8-444D-91AF-F9BCF75F1992}.Release|x86.ActiveCfg = Release|Any CPU
		{B334963F-071A-44B4-B05B-91D0ADA5F2FE}.Debug|Any CPU.ActiveCfg = Debug|Any CPU
		{B334963F-071A-44B4-B05B-91D0ADA5F2FE}.Debug|Any CPU.Build.0 = Debug|Any CPU
		{B334963F-071A-44B4-B05B-91D0ADA5F2FE}.Debug|x86.ActiveCfg = Debug|Any CPU
		{B334963F-071A-44B4-B05B-91D0ADA5F2FE}.Release|Any CPU.ActiveCfg = Release|Any CPU
		{B334963F-071A-44B4-B05B-91D0ADA5F2FE}.Release|Any CPU.Build.0 = Release|Any CPU
		{B334963F-071A-44B4-B05B-91D0ADA5F2FE}.Release|x86.ActiveCfg = Release|Any CPU
		{3526175B-0E7E-478B-8CD2-43DD75C9C30E}.Debug|Any CPU.ActiveCfg = Debug|Any CPU
		{3526175B-0E7E-478B-8CD2-43DD75C9C30E}.Debug|Any CPU.Build.0 = Debug|Any CPU
		{3526175B-0E7E-478B-8CD2-43DD75C9C30E}.Debug|x86.ActiveCfg = Debug|Any CPU
		{3526175B-0E7E-478B-8CD2-43DD75C9C30E}.Release|Any CPU.ActiveCfg = Release|Any CPU
		{3526175B-0E7E-478B-8CD2-43DD75C9C30E}.Release|Any CPU.Build.0 = Release|Any CPU
		{3526175B-0E7E-478B-8CD2-43DD75C9C30E}.Release|x86.ActiveCfg = Release|Any CPU
		{7235175C-356E-4756-9D68-5889ABC79A24}.Debug|Any CPU.ActiveCfg = Debug|Any CPU
		{7235175C-356E-4756-9D68-5889ABC79A24}.Debug|Any CPU.Build.0 = Debug|Any CPU
		{7235175C-356E-4756-9D68-5889ABC79A24}.Debug|x86.ActiveCfg = Debug|x86
		{7235175C-356E-4756-9D68-5889ABC79A24}.Debug|x86.Build.0 = Debug|x86
		{7235175C-356E-4756-9D68-5889ABC79A24}.Release|Any CPU.ActiveCfg = Release|Any CPU
		{7235175C-356E-4756-9D68-5889ABC79A24}.Release|Any CPU.Build.0 = Release|Any CPU
		{7235175C-356E-4756-9D68-5889ABC79A24}.Release|x86.ActiveCfg = Release|x86
		{7235175C-356E-4756-9D68-5889ABC79A24}.Release|x86.Build.0 = Release|x86
		{4C5DC705-3CAC-4B99-915E-5C2B9D157F48}.Debug|Any CPU.ActiveCfg = Debug|Any CPU
		{4C5DC705-3CAC-4B99-915E-5C2B9D157F48}.Debug|Any CPU.Build.0 = Debug|Any CPU
		{4C5DC705-3CAC-4B99-915E-5C2B9D157F48}.Debug|x86.ActiveCfg = Debug|Any CPU
		{4C5DC705-3CAC-4B99-915E-5C2B9D157F48}.Release|Any CPU.ActiveCfg = Release|Any CPU
		{4C5DC705-3CAC-4B99-915E-5C2B9D157F48}.Release|Any CPU.Build.0 = Release|Any CPU
		{4C5DC705-3CAC-4B99-915E-5C2B9D157F48}.Release|x86.ActiveCfg = Release|Any CPU
	EndGlobalSection
	GlobalSection(SolutionProperties) = preSolution
		HideSolutionNode = FALSE
	EndGlobalSection
EndGlobal
